
Microsoft Visual Studio Solution File, Format Version 12.00
# Visual Studio Version 17
VisualStudioVersion = 17.6.33829.357
MinimumVisualStudioVersion = 10.0.40219.1
Project("{9A19103F-16F7-4668-BE54-9A1E7A4F7556}") = "TaskMethods", "TaskMethods\TaskMethods.csproj", "{CC89B8BC-DF7A-42AC-B5F3-57D168C82B19}"
EndProject
Project("{9A19103F-16F7-4668-BE54-9A1E7A4F7556}") = "TaskMethodsWinForm", "TaskMethodsWinForm\TaskMethodsWinForm.csproj", "{A02733EC-23C8-4DB0-BBC4-8DDDCF6AD93A}"
EndProject
Project("{FAE04EC0-301F-11D3-BF4B-00C04F79EFBC}") = "TaskCancellationToken.API", "TaskCancellationToken.API\TaskCancellationToken.API.csproj", "{B0AE8684-A776-4028-AAAC-1B5A2AD571F2}"
EndProject
Project("{FAE04EC0-301F-11D3-BF4B-00C04F79EFBC}") = "TaskParallelLibrary", "TaskParallelLibrary\TaskParallelLibrary.csproj", "{922AFC50-B5A3-4F99-BE75-DEB973D81732}"
EndProject
Project("{FAE04EC0-301F-11D3-BF4B-00C04F79EFBC}") = "PLINQMethods", "PLINQMethods\PLINQMethods.csproj", "{3199CB3F-6401-4D6E-947F-0150ACEA37D3}"
EndProject
Global
	GlobalSection(SolutionConfigurationPlatforms) = preSolution
		Debug|Any CPU = Debug|Any CPU
		Release|Any CPU = Release|Any CPU
	EndGlobalSection
	GlobalSection(ProjectConfigurationPlatforms) = postSolution
		{CC89B8BC-DF7A-42AC-B5F3-57D168C82B19}.Debug|Any CPU.ActiveCfg = Debug|Any CPU
		{CC89B8BC-DF7A-42AC-B5F3-57D168C82B19}.Debug|Any CPU.Build.0 = Debug|Any CPU
		{CC89B8BC-DF7A-42AC-B5F3-57D168C82B19}.Release|Any CPU.ActiveCfg = Release|Any CPU
		{CC89B8BC-DF7A-42AC-B5F3-57D168C82B19}.Release|Any CPU.Build.0 = Release|Any CPU
		{A02733EC-23C8-4DB0-BBC4-8DDDCF6AD93A}.Debug|Any CPU.ActiveCfg = Debug|Any CPU
		{A02733EC-23C8-4DB0-BBC4-8DDDCF6AD93A}.Debug|Any CPU.Build.0 = Debug|Any CPU
		{A02733EC-23C8-4DB0-BBC4-8DDDCF6AD93A}.Release|Any CPU.ActiveCfg = Release|Any CPU
		{A02733EC-23C8-4DB0-BBC4-8DDDCF6AD93A}.Release|Any CPU.Build.0 = Release|Any CPU
		{B0AE8684-A776-4028-AAAC-1B5A2AD571F2}.Debug|Any CPU.ActiveCfg = Debug|Any CPU
		{B0AE8684-A776-4028-AAAC-1B5A2AD571F2}.Debug|Any CPU.Build.0 = Debug|Any CPU
		{B0AE8684-A776-4028-AAAC-1B5A2AD571F2}.Release|Any CPU.ActiveCfg = Release|Any CPU
		{B0AE8684-A776-4028-AAAC-1B5A2AD571F2}.Release|Any CPU.Build.0 = Release|Any CPU
		{922AFC50-B5A3-4F99-BE75-DEB973D81732}.Debug|Any CPU.ActiveCfg = Debug|Any CPU
		{922AFC50-B5A3-4F99-BE75-DEB973D81732}.Debug|Any CPU.Build.0 = Debug|Any CPU
		{922AFC50-B5A3-4F99-BE75-DEB973D81732}.Release|Any CPU.ActiveCfg = Release|Any CPU
		{922AFC50-B5A3-4F99-BE75-DEB973D81732}.Release|Any CPU.Build.0 = Release|Any CPU
		{3199CB3F-6401-4D6E-947F-0150ACEA37D3}.Debug|Any CPU.ActiveCfg = Debug|Any CPU
		{3199CB3F-6401-4D6E-947F-0150ACEA37D3}.Debug|Any CPU.Build.0 = Debug|Any CPU
		{3199CB3F-6401-4D6E-947F-0150ACEA37D3}.Release|Any CPU.ActiveCfg = Release|Any CPU
		{3199CB3F-6401-4D6E-947F-0150ACEA37D3}.Release|Any CPU.Build.0 = Release|Any CPU
	EndGlobalSection
	GlobalSection(SolutionProperties) = preSolution
		HideSolutionNode = FALSE
	EndGlobalSection
	GlobalSection(ExtensibilityGlobals) = postSolution
		SolutionGuid = {24FF2CEF-87A1-4588-9089-A3B79A3B71B3}
	EndGlobalSection
EndGlobal
